
Microsoft Visual Studio Solution File, Format Version 12.00
# Visual Studio 15
VisualStudioVersion = 15.0.27703.2018
MinimumVisualStudioVersion = 10.0.40219.1
Project("{FAE04EC0-301F-11D3-BF4B-00C04F79EFBC}") = "net-core-simple-jwt-auth", "net-core-simple-jwt-auth\net-core-simple-jwt-auth.csproj", "{2871946E-1017-42A9-BB9D-E5F7F3E01515}"
EndProject
Global
	GlobalSection(SolutionConfigurationPlatforms) = preSolution
		Debug|Any CPU = Debug|Any CPU
		Release|Any CPU = Release|Any CPU
	EndGlobalSection
	GlobalSection(ProjectConfigurationPlatforms) = postSolution
		{2871946E-1017-42A9-BB9D-E5F7F3E01515}.Debug|Any CPU.ActiveCfg = Debug|Any CPU
		{2871946E-1017-42A9-BB9D-E5F7F3E01515}.Debug|Any CPU.Build.0 = Debug|Any CPU
		{2871946E-1017-42A9-BB9D-E5F7F3E01515}.Release|Any CPU.ActiveCfg = Release|Any CPU
		{2871946E-1017-42A9-BB9D-E5F7F3E01515}.Release|Any CPU.Build.0 = Release|Any CPU
	EndGlobalSection
	GlobalSection(SolutionProperties) = preSolution
		HideSolutionNode = FALSE
	EndGlobalSection
	GlobalSection(ExtensibilityGlobals) = postSolution
		SolutionGuid = {74F6A3F7-ECEB-44C5-9330-4F0B976737EB}
	EndGlobalSection
EndGlobal
